
Microsoft Visual Studio Solution File, Format Version 12.00
# Visual Studio 15
VisualStudioVersion = 15.0.28010.2003
MinimumVisualStudioVersion = 10.0.40219.1
Project("{FAE04EC0-301F-11D3-BF4B-00C04F79EFBC}") = "SimplyRugby", "SimplyRugby\SimplyRugby.csproj", "{C845125C-73D0-43A8-831E-17EB55FB3BCD}"
EndProject
Project("{FAE04EC0-301F-11D3-BF4B-00C04F79EFBC}") = "SimplyRugby.Tests", "SimplyRugby.Tests\SimplyRugby.Tests.csproj", "{0C712817-9183-4BCC-A64E-FD1D504A3130}"
EndProject
Global
	GlobalSection(SolutionConfigurationPlatforms) = preSolution
		Debug|Any CPU = Debug|Any CPU
		Release|Any CPU = Release|Any CPU
	EndGlobalSection
	GlobalSection(ProjectConfigurationPlatforms) = postSolution
		{C845125C-73D0-43A8-831E-17EB55FB3BCD}.Debug|Any CPU.ActiveCfg = Debug|Any CPU
		{C845125C-73D0-43A8-831E-17EB55FB3BCD}.Debug|Any CPU.Build.0 = Debug|Any CPU
		{C845125C-73D0-43A8-831E-17EB55FB3BCD}.Release|Any CPU.ActiveCfg = Release|Any CPU
		{C845125C-73D0-43A8-831E-17EB55FB3BCD}.Release|Any CPU.Build.0 = Release|Any CPU
		{0C712817-9183-4BCC-A64E-FD1D504A3130}.Debug|Any CPU.ActiveCfg = Debug|Any CPU
		{0C712817-9183-4BCC-A64E-FD1D504A3130}.Debug|Any CPU.Build.0 = Debug|Any CPU
		{0C712817-9183-4BCC-A64E-FD1D504A3130}.Release|Any CPU.ActiveCfg = Release|Any CPU
		{0C712817-9183-4BCC-A64E-FD1D504A3130}.Release|Any CPU.Build.0 = Release|Any CPU
	EndGlobalSection
	GlobalSection(SolutionProperties) = preSolution
		HideSolutionNode = FALSE
	EndGlobalSection
	GlobalSection(ExtensibilityGlobals) = postSolution
		SolutionGuid = {601BF592-F1E2-4F92-93B6-E933D776AA23}
	EndGlobalSection
EndGlobal
